Microsoft Visual Studio Solution File, Format Version 12.00
# Visual Studio Version 16
VisualStudioVersion = 16.0.29519.181
MinimumVisualStudioVersion = 10.0.40219.1
Project("{FAE04EC0-301F-11D3-BF4B-00C04F79EFBC}") = "SingleLinkedListProject", "SingleLinkedListProject\SingleLinkedListProject.csproj", "{3F92BF09-E34B-4D1A-B867-2E0F832B7A22}"
EndProject
Global
	GlobalSection(SolutionConfigurationPlatforms) = preSolution
		Debug|anycpu = Debug|anycpu
		Release|anycpu = Release|anycpu
	EndGlobalSection
	GlobalSection(ProjectConfigurationPlatforms) = postSolution
		{3F92BF09-E34B-4D1A-B867-2E0F832B7A22}.Debug|anycpu.ActiveCfg = Debug|Any CPU
		{3F92BF09-E34B-4D1A-B867-2E0F832B7A22}.Debug|anycpu.Build.0 = Debug|Any CPU
		{3F92BF09-E34B-4D1A-B867-2E0F832B7A22}.Release|anycpu.ActiveCfg = Release|Any CPU
		{3F92BF09-E34B-4D1A-B867-2E0F832B7A22}.Release|anycpu.Build.0 = Release|Any CPU
	EndGlobalSection
	GlobalSection(SolutionProperties) = preSolution
		HideSolutionNode = FALSE
	EndGlobalSection
	GlobalSection(ExtensibilityGlobals) = postSolution
		SolutionGuid = {1020D756-C75D-4DD0-90BE-EDF09BC5AE04}
	EndGlobalSection
EndGlobal
