
Microsoft Visual Studio Solution File, Format Version 12.00
# Visual Studio 15
Project("{FAE04EC0-301F-11D3-BF4B-00C04F79EFBC}") = "SingleLinkedListProject", "SingleLinkedListProject\SingleLinkedListProject.csproj", "{3F92BF09-E34B-4D1A-B867-2E0F832B7A22}"
EndProject
Global
	GlobalSection(SolutionConfigurationPlatforms) = preSolution
		Debug|anycpu = Debug|anycpu
		Release|anycpu = Release|anycpu
	EndGlobalSection
	GlobalSection(ProjectConfigurationPlatforms) = postSolution
		{3F92BF09-E34B-4D1A-B867-2E0F832B7A22}.Debug|anycpu.ActiveCfg = Debug|anycpu
		{3F92BF09-E34B-4D1A-B867-2E0F832B7A22}.Debug|anycpu.Build.0 = Debug|anycpu
		{3F92BF09-E34B-4D1A-B867-2E0F832B7A22}.Release|anycpu.ActiveCfg = Release|anycpu
		{3F92BF09-E34B-4D1A-B867-2E0F832B7A22}.Release|anycpu.Build.0 = Release|anycpu
	EndGlobalSection
EndGlobal
